// !$*UTF8*$!
{
	archiveVersion = 1;
	classes = {
	};
	objectVersion = 46;
	objects = {

/* Begin PBXBuildFile section */
		3CC918CF1A403D4C00DE2CCE /* main.m in Sources */ = {isa = PBXBuildFile; fileRef = 3CC918CE1A403D4C00DE2CCE /* main.m */; };
		3CC918D21A403D4C00DE2CCE /* AppDelegate.m in Sources */ = {isa = PBXBuildFile; fileRef = 3CC918D11A403D4C00DE2CCE /* AppDelegate.m */; };
		3CC918D81A403D4C00DE2CCE /* Main.storyboard in Resources */ = {isa = PBXBuildFile; fileRef = 3CC918D61A403D4C00DE2CCE /* Main.storyboard */; };
		3CC918DA1A403D4C00DE2CCE /* Images.xcassets in Resources */ = {isa = PBXBuildFile; fileRef = 3CC918D91A403D4C00DE2CCE /* Images.xcassets */; };
		3CC918DD1A403D4C00DE2CCE /* LaunchScreen.xib in Resources */ = {isa = PBXBuildFile; fileRef = 3CC918DB1A403D4C00DE2CCE /* LaunchScreen.xib */; };
		3CC918E91A403D4C00DE2CCE /* LNERadialMenuTests.m in Sources */ = {isa = PBXBuildFile; fileRef = 3CC918E81A403D4C00DE2CCE /* LNERadialMenuTests.m */; };
		3CC918F61A403D7300DE2CCE /* ViewController.m in Sources */ = {isa = PBXBuildFile; fileRef = 3CC918F31A403D7300DE2CCE /* ViewController.m */; };
		3CC918FC1A40606E00DE2CCE /* LNERadialMenu.m in Sources */ = {isa = PBXBuildFile; fileRef = 3CC918FB1A40606E00DE2CCE /* LNERadialMenu.m */; };
/* End PBXBuildFile section */

/* Begin PBXContainerItemProxy section */
		3CC918E31A403D4C00DE2CCE /* PBXContainerItemProxy */ = {
			isa = PBXContainerItemProxy;
			containerPortal = 3CC918C11A403D4C00DE2CCE /* Project object */;
			proxyType = 1;
			remoteGlobalIDString = 3CC918C81A403D4C00DE2CCE;
			remoteInfo = LNERadialMenu;
		};
/* End PBXContainerItemProxy section */

/* Begin PBXFileReference section */
		3CC918C91A403D4C00DE2CCE /* LNERadialMenu.app */ = {isa = PBXFileReference; explicitFileType = wrapper.application; includeInIndex = 0; path = LNERadialMenu.app; sourceTree = BUILT_PRODUCTS_DIR; };
		3CC918CD1A403D4C00DE2CCE /* Info.plist */ = {isa = PBXFileReference; lastKnownFileType = text.plist.xml; path = Info.plist; sourceTree = "<group>"; };
		3CC918CE1A403D4C00DE2CCE /* main.m */ = {isa = PBXFileReference; lastKnownFileType = sourcecode.c.objc; path = main.m; sourceTree = "<group>"; };
		3CC918D01A403D4C00DE2CCE /* AppDelegate.h */ = {isa = PBXFileReference; lastKnownFileType = sourcecode.c.h; path = AppDelegate.h; sourceTree = "<group>"; };
		3CC918D11A403D4C00DE2CCE /* AppDelegate.m */ = {isa = PBXFileReference; lastKnownFileType = sourcecode.c.objc; path = AppDelegate.m; sourceTree = "<group>"; };
		3CC918D71A403D4C00DE2CCE /* Base */ = {isa = PBXFileReference; lastKnownFileType = file.storyboard; name = Base; path = Base.lproj/Main.storyboard; sourceTree = "<group>"; };
		3CC918D91A403D4C00DE2CCE /* Images.xcassets */ = {isa = PBXFileReference; lastKnownFileType = folder.assetcatalog; path = Images.xcassets; sourceTree = "<group>"; };
		3CC918DC1A403D4C00DE2CCE /* Base */ = {isa = PBXFileReference; lastKnownFileType = file.xib; name = Base; path = Base.lproj/LaunchScreen.xib; sourceTree = "<group>"; };
		3CC918E21A403D4C00DE2CCE /* LNERadialMenuTests.xctest */ = {isa = PBXFileReference; explicitFileType = wrapper.cfbundle; includeInIndex = 0; path = LNERadialMenuTests.xctest; sourceTree = BUILT_PRODUCTS_DIR; };
		3CC918E71A403D4C00DE2CCE /* Info.plist */ = {isa = PBXFileReference; lastKnownFileType = text.plist.xml; path = Info.plist; sourceTree = "<group>"; };
		3CC918E81A403D4C00DE2CCE /* LNERadialMenuTests.m */ = {isa = PBXFileReference; lastKnownFileType = sourcecode.c.objc; path = LNERadialMenuTests.m; sourceTree = "<group>"; };
		3CC918F21A403D7300DE2CCE /* ViewController.h */ = {isa = PBXFileReference; fileEncoding = 4; lastKnownFileType = sourcecode.c.h; path = ViewController.h; sourceTree = "<group>"; };
		3CC918F31A403D7300DE2CCE /* ViewController.m */ = {isa = PBXFileReference; fileEncoding = 4; lastKnownFileType = sourcecode.c.objc; path = ViewController.m; sourceTree = "<group>"; };
		3CC918FA1A40606E00DE2CCE /* LNERadialMenu.h */ = {isa = PBXFileReference; fileEncoding = 4; lastKnownFileType = sourcecode.c.h; path = LNERadialMenu.h; sourceTree = "<group>"; };
		3CC918FB1A40606E00DE2CCE /* LNERadialMenu.m */ = {isa = PBXFileReference; fileEncoding = 4; lastKnownFileType = sourcecode.c.objc; path = LNERadialMenu.m; sourceTree = "<group>"; };
/* End PBXFileReference section */

/* Begin PBXFrameworksBuildPhase section */
		3CC918C61A403D4C00DE2CCE /* Frameworks */ = {
			isa = PBXFrameworksBuildPhase;
			buildActionMask = 2147483647;
			files = (
			);
			runOnlyForDeploymentPostprocessing = 0;
		};
		3CC918DF1A403D4C00DE2CCE /* Frameworks */ = {
			isa = PBXFrameworksBuildPhase;
			buildActionMask = 2147483647;
			files = (
			);
			runOnlyForDeploymentPostprocessing = 0;
		};
/* End PBXFrameworksBuildPhase section */

/* Begin PBXGroup section */
		3CC918C01A403D4C00DE2CCE = {
			isa = PBXGroup;
			children = (
				3CC918CB1A403D4C00DE2CCE /* LNERadialMenu */,
				3CC918E51A403D4C00DE2CCE /* LNERadialMenuTests */,
				3CC918CA1A403D4C00DE2CCE /* Products */,
			);
			sourceTree = "<group>";
		};
		3CC918CA1A403D4C00DE2CCE /* Products */ = {
			isa = PBXGroup;
			children = (
				3CC918C91A403D4C00DE2CCE /* LNERadialMenu.app */,
				3CC918E21A403D4C00DE2CCE /* LNERadialMenuTests.xctest */,
			);
			name = Products;
			sourceTree = "<group>";
		};
		3CC918CB1A403D4C00DE2CCE /* LNERadialMenu */ = {
			isa = PBXGroup;
			children = (
				3CC918D01A403D4C00DE2CCE /* AppDelegate.h */,
				3CC918D11A403D4C00DE2CCE /* AppDelegate.m */,
				3CC918F21A403D7300DE2CCE /* ViewController.h */,
				3CC918F31A403D7300DE2CCE /* ViewController.m */,
				3CC918F91A40604400DE2CCE /* RadialMenu */,
				3CC918D61A403D4C00DE2CCE /* Main.storyboard */,
				3CC918D91A403D4C00DE2CCE /* Images.xcassets */,
				3CC918DB1A403D4C00DE2CCE /* LaunchScreen.xib */,
				3CC918CC1A403D4C00DE2CCE /* Supporting Files */,
			);
			path = LNERadialMenu;
			sourceTree = "<group>";
		};
		3CC918CC1A403D4C00DE2CCE /* Supporting Files */ = {
			isa = PBXGroup;
			children = (
				3CC918CD1A403D4C00DE2CCE /* Info.plist */,
				3CC918CE1A403D4C00DE2CCE /* main.m */,
			);
			name = "Supporting Files";
			sourceTree = "<group>";
		};
		3CC918E51A403D4C00DE2CCE /* LNERadialMenuTests */ = {
			isa = PBXGroup;
			children = (
				3CC918E81A403D4C00DE2CCE /* LNERadialMenuTests.m */,
				3CC918E61A403D4C00DE2CCE /* Supporting Files */,
			);
			path = LNERadialMenuTests;
			sourceTree = "<group>";
		};
		3CC918E61A403D4C00DE2CCE /* Supporting Files */ = {
			isa = PBXGroup;
			children = (
				3CC918E71A403D4C00DE2CCE /* Info.plist */,
			);
			name = "Supporting Files";
			sourceTree = "<group>";
		};
		3CC918F91A40604400DE2CCE /* RadialMenu */ = {
			isa = PBXGroup;
			children = (
				3CC918FA1A40606E00DE2CCE /* LNERadialMenu.h */,
				3CC918FB1A40606E00DE2CCE /* LNERadialMenu.m */,
			);
			path = RadialMenu;
			sourceTree = "<group>";
		};
/* End PBXGroup section */

/* Begin PBXNativeTarget section */
		3CC918C81A403D4C00DE2CCE /* LNERadialMenu */ = {
			isa = PBXNativeTarget;
			buildConfigurationList = 3CC918EC1A403D4C00DE2CCE /* Build configuration list for PBXNativeTarget "LNERadialMenu" */;
			buildPhases = (
				3CC918C51A403D4C00DE2CCE /* Sources */,
				3CC918C61A403D4C00DE2CCE /* Frameworks */,
				3CC918C71A403D4C00DE2CCE /* Resources */,
			);
			buildRules = (
			);
			dependencies = (
			);
			name = LNERadialMenu;
			productName = LNERadialMenu;
			productReference = 3CC918C91A403D4C00DE2CCE /* LNERadialMenu.app */;
			productType = "com.apple.product-type.application";
		};
		3CC918E11A403D4C00DE2CCE /* LNERadialMenuTests */ = {
			isa = PBXNativeTarget;
			buildConfigurationList = 3CC918EF1A403D4C00DE2CCE /* Build configuration list for PBXNativeTarget "LNERadialMenuTests" */;
			buildPhases = (
				3CC918DE1A403D4C00DE2CCE /* Sources */,
				3CC918DF1A403D4C00DE2CCE /* Frameworks */,
				3CC918E01A403D4C00DE2CCE /* Resources */,
			);
			buildRules = (
			);
			dependencies = (
				3CC918E41A403D4C00DE2CCE /* PBXTargetDependency */,
			);
			name = LNERadialMenuTests;
			productName = LNERadialMenuTests;
			productReference = 3CC918E21A403D4C00DE2CCE /* LNERadialMenuTests.xctest */;
			productType = "com.apple.product-type.bundle.unit-test";
		};
/* End PBXNativeTarget section */

/* Begin PBXProject section */
		3CC918C11A403D4C00DE2CCE /* Project object */ = {
			isa = PBXProject;
			attributes = {
				LastUpgradeCheck = 0610;
				ORGANIZATIONNAME = lanuovaera;
				TargetAttributes = {
					3CC918C81A403D4C00DE2CCE = {
						CreatedOnToolsVersion = 6.1;
					};
					3CC918E11A403D4C00DE2CCE = {
						CreatedOnToolsVersion = 6.1;
						TestTargetID = 3CC918C81A403D4C00DE2CCE;
					};
				};
			};
			buildConfigurationList = 3CC918C41A403D4C00DE2CCE /* Build configuration list for PBXProject "LNERadialMenu" */;
			compatibilityVersion = "Xcode 3.2";
			developmentRegion = English;
			hasScannedForEncodings = 0;
			knownRegions = (
				en,
				Base,
			);
			mainGroup = 3CC918C01A403D4C00DE2CCE;
			productRefGroup = 3CC918CA1A403D4C00DE2CCE /* Products */;
			projectDirPath = "";
			projectRoot = "";
			targets = (
				3CC918C81A403D4C00DE2CCE /* LNERadialMenu */,
				3CC918E11A403D4C00DE2CCE /* LNERadialMenuTests */,
			);
		};
/* End PBXProject section */

/* Begin PBXResourcesBuildPhase section */
		3CC918C71A403D4C00DE2CCE /* Resources */ = {
			isa = PBXResourcesBuildPhase;
			buildActionMask = 2147483647;
			files = (
				3CC918D81A403D4C00DE2CCE /* Main.storyboard in Resources */,
				3CC918DD1A403D4C00DE2CCE /* LaunchScreen.xib in Resources */,
				3CC918DA1A403D4C00DE2CCE /* Images.xcassets in Resources */,
			);
			runOnlyForDeploymentPostprocessing = 0;
		};
		3CC918E01A403D4C00DE2CCE /* Resources */ = {
			isa = PBXResourcesBuildPhase;
			buildActionMask = 2147483647;
			files = (
			);
			runOnlyForDeploymentPostprocessing = 0;
		};
/* End PBXResourcesBuildPhase section */

/* Begin PBXSourcesBuildPhase section */
		3CC918C51A403D4C00DE2CCE /* Sources */ = {
			isa = PBXSourcesBuildPhase;
			buildActionMask = 2147483647;
			files = (
				3CC918F61A403D7300DE2CCE /* ViewController.m in Sources */,
				3CC918D21A403D4C00DE2CCE /* AppDelegate.m in Sources */,
				3CC918CF1A403D4C00DE2CCE /* main.m in Sources */,
				3CC918FC1A40606E00DE2CCE /* LNERadialMenu.m in Sources */,
			);
			runOnlyForDeploymentPostprocessing = 0;
		};
		3CC918DE1A403D4C00DE2CCE /* Sources */ = {
			isa = PBXSourcesBuildPhase;
			buildActionMask = 2147483647;
			files = (
				3CC918E91A403D4C00DE2CCE /* LNERadialMenuTests.m in Sources */,
			);
			runOnlyForDeploymentPostprocessing = 0;
		};
/* End PBXSourcesBuildPhase section */

/* Begin PBXTargetDependency section */
		3CC918E41A403D4C00DE2CCE /* PBXTargetDependency */ = {
			isa = PBXTargetDependency;
			target = 3CC918C81A403D4C00DE2CCE /* LNERadialMenu */;
			targetProxy = 3CC918E31A403D4C00DE2CCE /* PBXContainerItemProxy */;
		};
/* End PBXTargetDependency section */

/* Begin PBXVariantGroup section */
		3CC918D61A403D4C00DE2CCE /* Main.storyboard */ = {
			isa = PBXVariantGroup;
			children = (
				3CC918D71A403D4C00DE2CCE /* Base */,
			);
			name = Main.storyboard;
			sourceTree = "<group>";
		};
		3CC918DB1A403D4C00DE2CCE /* LaunchScreen.xib */ = {
			isa = PBXVariantGroup;
			children = (
				3CC918DC1A403D4C00DE2CCE /* Base */,
			);
			name = LaunchScreen.xib;
			sourceTree = "<group>";
		};
/* End PBXVariantGroup section */

/* Begin XCBuildConfiguration section */
		3CC918EA1A403D4C00DE2CCE /* Debug */ = {
			isa = XCBuildConfiguration;
			buildSettings = {
				ALWAYS_SEARCH_USER_PATHS = NO;
				CLANG_CXX_LANGUAGE_STANDARD = "gnu++0x";
				CLANG_CXX_LIBRARY = "libc++";
				CLANG_ENABLE_MODULES = YES;
				CLANG_ENABLE_OBJC_ARC = YES;
				CLANG_WARN_BOOL_CONVERSION = YES;
				CLANG_WARN_CONSTANT_CONVERSION = YES;
				CLANG_WARN_DIRECT_OBJC_ISA_USAGE = YES_ERROR;
				CLANG_WARN_EMPTY_BODY = YES;
				CLANG_WARN_ENUM_CONVERSION = YES;
				CLANG_WARN_INT_CONVERSION = YES;
				CLANG_WARN_OBJC_ROOT_CLASS = YES_ERROR;
				CLANG_WARN_UNREACHABLE_CODE = YES;
				CLANG_WARN__DUPLICATE_METHOD_MATCH = YES;
				"CODE_SIGN_IDENTITY[sdk=iphoneos*]" = "iPhone Developer";
				COPY_PHASE_STRIP = NO;
				ENABLE_STRICT_OBJC_MSGSEND = YES;
				GCC_C_LANGUAGE_STANDARD = gnu99;
				GCC_DYNAMIC_NO_PIC = NO;
				GCC_OPTIMIZATION_LEVEL = 0;
				GCC_PREPROCESSOR_DEFINITIONS = (
					"DEBUG=1",
					"$(inherited)",
				);
				GCC_SYMBOLS_PRIVATE_EXTERN = NO;
				GCC_WARN_64_TO_32_BIT_CONVERSION = YES;
				GCC_WARN_ABOUT_RETURN_TYPE = YES_ERROR;
				GCC_WARN_UNDECLARED_SELECTOR = YES;
				GCC_WARN_UNINITIALIZED_AUTOS = YES_AGGRESSIVE;
				GCC_WARN_UNUSED_FUNCTION = YES;
				GCC_WARN_UNUSED_VARIABLE = YES;
				IPHONEOS_DEPLOYMENT_TARGET = 8.1;
				MTL_ENABLE_DEBUG_INFO = YES;
				ONLY_ACTIVE_ARCH = YES;
				SDKROOT = iphoneos;
			};
			name = Debug;
		};
		3CC918EB1A403D4C00DE2CCE /* Release */ = {
			isa = XCBuildConfiguration;
			buildSettings = {
				ALWAYS_SEARCH_USER_PATHS = NO;
				CLANG_CXX_LANGUAGE_STANDARD = "gnu++0x";
				CLANG_CXX_LIBRARY = "libc++";
				CLANG_ENABLE_MODULES = YES;
				CLANG_ENABLE_OBJC_ARC = YES;
				CLANG_WARN_BOOL_CONVERSION = YES;
				CLANG_WARN_CONSTANT_CONVERSION = YES;
				CLANG_WARN_DIRECT_OBJC_ISA_USAGE = YES_ERROR;
				CLANG_WARN_EMPTY_BODY = YES;
				CLANG_WARN_ENUM_CONVERSION = YES;
				CLANG_WARN_INT_CONVERSION = YES;
				CLANG_WARN_OBJC_ROOT_CLASS = YES_ERROR;
				CLANG_WARN_UNREACHABLE_CODE = YES;
				CLANG_WARN__DUPLICATE_METHOD_MATCH = YES;
				"CODE_SIGN_IDENTITY[sdk=iphoneos*]" = "iPhone Developer";
				COPY_PHASE_STRIP = YES;
				ENABLE_NS_ASSERTIONS = NO;
				ENABLE_STRICT_OBJC_MSGSEND = YES;
				GCC_C_LANGUAGE_STANDARD = gnu99;
				GCC_WARN_64_TO_32_BIT_CONVERSION = YES;
				GCC_WARN_ABOUT_RETURN_TYPE = YES_ERROR;
				GCC_WARN_UNDECLARED_SELECTOR = YES;
				GCC_WARN_UNINITIALIZED_AUTOS = YES_AGGRESSIVE;
				GCC_WARN_UNUSED_FUNCTION = YES;
				GCC_WARN_UNUSED_VARIABLE = YES;
				IPHONEOS_DEPLOYMENT_TARGET = 8.1;
				MTL_ENABLE_DEBUG_INFO = NO;
				SDKROOT = iphoneos;
				VALIDATE_PRODUCT = YES;
			};
			name = Release;
		};
		3CC918ED1A403D4C00DE2CCE /* Debug */ = {
			isa = XCBuildConfiguration;
			buildSettings = {
				ASSETCATALOG_COMPILER_APPICON_NAME = AppIcon;
				INFOPLIST_FILE = LNERadialMenu/Info.plist;
				IPHONEOS_DEPLOYMENT_TARGET = 6.0;
				LD_RUNPATH_SEARCH_PATHS = "$(inherited) @executable_path/Frameworks";
				PRODUCT_NAME = "$(TARGET_NAME)";
			};
			name = Debug;
		};
		3CC918EE1A403D4C00DE2CCE /* Release */ = {
			isa = XCBuildConfiguration;
			buildSettings = {
				ASSETCATALOG_COMPILER_APPICON_NAME = AppIcon;
				INFOPLIST_FILE = LNERadialMenu/Info.plist;
				IPHONEOS_DEPLOYMENT_TARGET = 6.0;
				LD_RUNPATH_SEARCH_PATHS = "$(inherited) @executable_path/Frameworks";
				PRODUCT_NAME = "$(TARGET_NAME)";
			};
			name = Release;
		};
		3CC918F01A403D4C00DE2CCE /* Debug */ = {
			isa = XCBuildConfiguration;
			buildSettings = {
				BUNDLE_LOADER = "$(TEST_HOST)";
				FRAMEWORK_SEARCH_PATHS = (
					"$(SDKROOT)/Developer/Library/Frameworks",
					"$(inherited)",
				);
				GCC_PREPROCESSOR_DEFINITIONS = (
					"DEBUG=1",
					"$(inherited)",
				);
				INFOPLIST_FILE = LNERadialMenuTests/Info.plist;
				LD_RUNPATH_SEARCH_PATHS = "$(inherited) @executable_path/Frameworks @loader_path/Frameworks";
				PRODUCT_NAME = "$(TARGET_NAME)";
				TEST_HOST = "$(BUILT_PRODUCTS_DIR)/LNERadialMenu.app/LNERadialMenu";
			};
			name = Debug;
		};
		3CC918F11A403D4C00DE2CCE /* Release */ = {
			isa = XCBuildConfiguration;
			buildSettings = {
				BUNDLE_LOADER = "$(TEST_HOST)";
				FRAMEWORK_SEARCH_PATHS = (
					"$(SDKROOT)/Developer/Library/Frameworks",
					"$(inherited)",
				);
				INFOPLIST_FILE = LNERadialMenuTests/Info.plist;
				LD_RUNPATH_SEARCH_PATHS = "$(inherited) @executable_path/Frameworks @loader_path/Frameworks";
				PRODUCT_NAME = "$(TARGET_NAME)";
				TEST_HOST = "$(BUILT_PRODUCTS_DIR)/LNERadialMenu.app/LNERadialMenu";
			};
			name = Release;
		};
/* End XCBuildConfiguration section */

/* Begin XCConfigurationList section */
		3CC918C41A403D4C00DE2CCE /* Build configuration list for PBXProject "LNERadialMenu" */ = {
			isa = XCConfigurationList;
			buildConfigurations = (
				3CC918EA1A403D4C00DE2CCE /* Debug */,
				3CC918EB1A403D4C00DE2CCE /* Release */,
			);
			defaultConfigurationIsVisible = 0;
			defaultConfigurationName = Release;
		};
		3CC918EC1A403D4C00DE2CCE /* Build configuration list for PBXNativeTarget "LNERadialMenu" */ = {
			isa = XCConfigurationList;
			buildConfigurations = (
				3CC918ED1A403D4C00DE2CCE /* Debug */,
				3CC918EE1A403D4C00DE2CCE /* Release */,
			);
			defaultConfigurationIsVisible = 0;
			defaultConfigurationName = Release;
		};
		3CC918EF1A403D4C00DE2CCE /* Build configuration list for PBXNativeTarget "LNERadialMenuTests" */ = {
			isa = XCConfigurationList;
			buildConfigurations = (
				3CC918F01A403D4C00DE2CCE /* Debug */,
				3CC918F11A403D4C00DE2CCE /* Release */,
			);
			defaultConfigurationIsVisible = 0;
			defaultConfigurationName = Release;
		};
/* End XCConfigurationList section */
	};
	rootObject = 3CC918C11A403D4C00DE2CCE /* Project object */;
}
